
Microsoft Visual Studio Solution File, Format Version 12.00
# Visual Studio Version 17
VisualStudioVersion = 17.14.36202.13 d17.14
MinimumVisualStudioVersion = 10.0.40219.1
Project("{FAE04EC0-301F-11D3-BF4B-00C04F79EFBC}") = "CS2-ParseGravity", "CS2-ParseGravity\CS2-ParseGravity.csproj", "{3AEAFD08-2B5E-4682-B962-64DCC40017BC}"
EndProject
Global
	GlobalSection(SolutionConfigurationPlatforms) = preSolution
		Debug|Any CPU = Debug|Any CPU
		Release|Any CPU = Release|Any CPU
	EndGlobalSection
	GlobalSection(ProjectConfigurationPlatforms) = postSolution
		{3AEAFD08-2B5E-4682-B962-64DCC40017BC}.Debug|Any CPU.ActiveCfg = Debug|Any CPU
		{3AEAFD08-2B5E-4682-B962-64DCC40017BC}.Debug|Any CPU.Build.0 = Debug|Any CPU
		{3AEAFD08-2B5E-4682-B962-64DCC40017BC}.Release|Any CPU.ActiveCfg = Release|Any CPU
		{3AEAFD08-2B5E-4682-B962-64DCC40017BC}.Release|Any CPU.Build.0 = Release|Any CPU
	EndGlobalSection
	GlobalSection(SolutionProperties) = preSolution
		HideSolutionNode = FALSE
	EndGlobalSection
	GlobalSection(ExtensibilityGlobals) = postSolution
		SolutionGuid = {851CF4CD-3836-431B-A4D4-B8BEA5E28559}
	EndGlobalSection
EndGlobal
